
Microsoft Visual Studio Solution File, Format Version 12.00
# Visual Studio 15
VisualStudioVersion = 15.0.27004.2008
MinimumVisualStudioVersion = 10.0.40219.1
Project("{2150E333-8FDC-42A3-9474-1A3956D46DE8}") = "Foundation", "Foundation", "{73C11C16-0EA5-456D-8D1A-3BE021C66821}"
EndProject
Project("{2150E333-8FDC-42A3-9474-1A3956D46DE8}") = "Speedy", "Speedy", "{785C660D-96C1-4A96-A055-5A9FAD430454}"
EndProject
Project("{FAE04EC0-301F-11D3-BF4B-00C04F79EFBC}") = "Sitecore.Foundation.Speedy", "src\Foundation\Speedy\code\Sitecore.Foundation.Speedy.csproj", "{42D502B8-600D-472C-A92F-AE7A87F8E1B6}"
EndProject
Project("{2150E333-8FDC-42A3-9474-1A3956D46DE8}") = "Solution Items", "Solution Items", "{1CBA560D-EDC3-4248-9FEF-753FDCFBAD03}"
	ProjectSection(SolutionItems) = preProject
		README.md = README.md
	EndProjectSection
EndProject
Project("{2150E333-8FDC-42A3-9474-1A3956D46DE8}") = "ImageCompression", "ImageCompression", "{505367BA-7580-47CB-9041-608B3E0F5126}"
EndProject
Project("{FAE04EC0-301F-11D3-BF4B-00C04F79EFBC}") = "Sitecore.Foundation.ImageCompression", "src\Foundation\ImageCompression\code\Sitecore.Foundation.ImageCompression.csproj", "{3F84A959-B282-4B78-BA91-E71DD266E5C3}"
EndProject
Global
	GlobalSection(SolutionConfigurationPlatforms) = preSolution
		Debug|Any CPU = Debug|Any CPU
		DEV|Any CPU = DEV|Any CPU
		Release|Any CPU = Release|Any CPU
	EndGlobalSection
	GlobalSection(ProjectConfigurationPlatforms) = postSolution
		{42D502B8-600D-472C-A92F-AE7A87F8E1B6}.Debug|Any CPU.ActiveCfg = Debug|Any CPU
		{42D502B8-600D-472C-A92F-AE7A87F8E1B6}.Debug|Any CPU.Build.0 = Debug|Any CPU
		{42D502B8-600D-472C-A92F-AE7A87F8E1B6}.DEV|Any CPU.ActiveCfg = DEV|Any CPU
		{42D502B8-600D-472C-A92F-AE7A87F8E1B6}.DEV|Any CPU.Build.0 = DEV|Any CPU
		{42D502B8-600D-472C-A92F-AE7A87F8E1B6}.Release|Any CPU.ActiveCfg = Release|Any CPU
		{42D502B8-600D-472C-A92F-AE7A87F8E1B6}.Release|Any CPU.Build.0 = Release|Any CPU
		{3F84A959-B282-4B78-BA91-E71DD266E5C3}.Debug|Any CPU.ActiveCfg = Debug|Any CPU
		{3F84A959-B282-4B78-BA91-E71DD266E5C3}.Debug|Any CPU.Build.0 = Debug|Any CPU
		{3F84A959-B282-4B78-BA91-E71DD266E5C3}.DEV|Any CPU.ActiveCfg = DEV|Any CPU
		{3F84A959-B282-4B78-BA91-E71DD266E5C3}.DEV|Any CPU.Build.0 = DEV|Any CPU
		{3F84A959-B282-4B78-BA91-E71DD266E5C3}.Release|Any CPU.ActiveCfg = Release|Any CPU
		{3F84A959-B282-4B78-BA91-E71DD266E5C3}.Release|Any CPU.Build.0 = Release|Any CPU
	EndGlobalSection
	GlobalSection(SolutionProperties) = preSolution
		HideSolutionNode = FALSE
	EndGlobalSection
	GlobalSection(NestedProjects) = preSolution
		{785C660D-96C1-4A96-A055-5A9FAD430454} = {73C11C16-0EA5-456D-8D1A-3BE021C66821}
		{42D502B8-600D-472C-A92F-AE7A87F8E1B6} = {785C660D-96C1-4A96-A055-5A9FAD430454}
		{505367BA-7580-47CB-9041-608B3E0F5126} = {73C11C16-0EA5-456D-8D1A-3BE021C66821}
		{3F84A959-B282-4B78-BA91-E71DD266E5C3} = {505367BA-7580-47CB-9041-608B3E0F5126}
	EndGlobalSection
	GlobalSection(ExtensibilityGlobals) = postSolution
		SolutionGuid = {45695CAF-302F-4F5B-A30E-7C2B2A2011CE}
		EnterpriseLibraryConfigurationToolBinariesPathV6 = packages\EnterpriseLibrary.Common.6.0.1304.0\lib\NET45;packages\EnterpriseLibrary.TransientFaultHandling.6.0.1304.0\lib\portable-net45+win+wp8;packages\EnterpriseLibrary.TransientFaultHandling.Caching.6.0.1304.0\lib\NET45;packages\EnterpriseLibrary.TransientFaultHandling.Data.6.0.1304.1\lib\NET45;packages\EnterpriseLibrary.TransientFaultHandling.ServiceBus.6.0.1304.0\lib\NET45;packages\EnterpriseLibrary.TransientFaultHandling.WindowsAzure.Storage.6.0.1304.0\lib\NET45;packages\EnterpriseLibrary.TransientFaultHandling.Configuration.6.0.1304.0\lib\NET45
	EndGlobalSection
EndGlobal
